<?xml version="1.0" encoding="utf-8"?>
<Project ToolsVersion="4.0" xmlns="http://schemas.microsoft.com/developer/msbuild/2003">
  <ItemGroup>
    <Filter Include="Source Files">
      <UniqueIdentifier>{4FC737F1-C7A5-4376-A066-2A32D752A2FF}</UniqueIdentifier>
      <Extensions>cpp;c;cc;cxx;def;odl;idl;hpj;bat;asm;asmx</Extensions>
    </Filter>
    <Filter Include="Header Files">
      <UniqueIdentifier>{93995380-89BD-4b04-88EB-625FBE52EBFB}</UniqueIdentifier>
      <Extensions>h;hh;hpp;hxx;hm;inl;inc;xsd</Extensions>
    </Filter>
    <Filter Include="Resource Files">
      <UniqueIdentifier>{67DA6AB6-F800-4c08-8B7A-83BB121AAD01}</UniqueIdentifier>
      <Extensions>rc;ico;cur;bmp;dlg;rc2;rct;bin;rgs;gif;jpg;jpeg;jpe;resx;tiff;tif;png;wav;mfcribbon-ms</Extensions>
    </Filter>
    <Filter Include="Header Files\GameState">
      <UniqueIdentifier>{01e6d164-d3c0-4d62-9ca4-c6cd767a4517}</UniqueIdentifier>
    </Filter>
    <Filter Include="Header Files\Entity">
      <UniqueIdentifier>{0e24ee02-21ee-4212-94d6-686ae4ac2e6d}</UniqueIdentifier>
    </Filter>
    <Filter Include="Header Files\Entity\Item">
      <UniqueIdentifier>{09edd6fe-2d25-4ef6-919f-453b92807a66}</UniqueIdentifier>
    </Filter>
    <Filter Include="Header Files\Controller">
      <UniqueIdentifier>{ccb4f938-b638-4438-bcd1-f0c42702af8d}</UniqueIdentifier>
    </Filter>
    <Filter Include="Header Files\Level">
      <UniqueIdentifier>{fb69d3f0-c4df-4388-948d-13e947ebcff8}</UniqueIdentifier>
    </Filter>
    <Filter Include="Header Files\Tools">
      <UniqueIdentifier>{08e36184-e201-4c19-9a33-8b37f4fa3b57}</UniqueIdentifier>
    </Filter>
    <Filter Include="Source Files\Entity">
      <UniqueIdentifier>{7aeb6db4-83cd-41fb-8cba-6cd9bf92af69}</UniqueIdentifier>
    </Filter>
    <Filter Include="Source Files\Entity\Item">
      <UniqueIdentifier>{fdddf9e1-5b88-4531-8a44-79e4e4c6c1ce}</UniqueIdentifier>
    </Filter>
    <Filter Include="Source Files\GameState">
      <UniqueIdentifier>{89a332ed-e71c-427e-be8a-88765d1b5c8d}</UniqueIdentifier>
    </Filter>
    <Filter Include="Source Files\Controller">
      <UniqueIdentifier>{2833a0cc-392e-4d56-b87d-0ae9b3163541}</UniqueIdentifier>
    </Filter>
    <Filter Include="Source Files\Level">
      <UniqueIdentifier>{35be5143-6ec8-4d59-b1bc-cd76b2d03bfb}</UniqueIdentifier>
    </Filter>
    <Filter Include="Source Files\Tools">
      <UniqueIdentifier>{400f4233-d668-4b72-a72f-75f73b003155}</UniqueIdentifier>
    </Filter>
  </ItemGroup>
  <ItemGroup>
    <Text Include="ReadMe.txt" />
    <Text Include="RandomEnemyValues.txt">
      <Filter>Resource Files</Filter>
    </Text>
    <Text Include="RandomRoomValues.txt">
      <Filter>Resource Files</Filter>
    </Text>
  </ItemGroup>
  <ItemGroup>
    <ClInclude Include="stdafx.h">
      <Filter>Header Files</Filter>
    </ClInclude>
    <ClInclude Include="targetver.h">
      <Filter>Header Files</Filter>
    </ClInclude>
    <ClInclude Include="ChoiceState.h">
      <Filter>Header Files\GameState</Filter>
    </ClInclude>
    <ClInclude Include="GameState.h">
      <Filter>Header Files\GameState</Filter>
    </ClInclude>
    <ClInclude Include="InitiateState.h">
      <Filter>Header Files\GameState</Filter>
    </ClInclude>
    <ClInclude Include="CombatState.h">
      <Filter>Header Files\GameState</Filter>
    </ClInclude>
    <ClInclude Include="Item.h">
      <Filter>Header Files\Entity\Item</Filter>
    </ClInclude>
    <ClInclude Include="Controller.h">
      <Filter>Header Files\Controller</Filter>
    </ClInclude>
    <ClInclude Include="GameLoop.h">
      <Filter>Header Files\Controller</Filter>
    </ClInclude>
    <ClInclude Include="Hero.h">
      <Filter>Header Files\Entity</Filter>
    </ClInclude>
    <ClInclude Include="LevelManager.h">
      <Filter>Header Files\Level</Filter>
    </ClInclude>
    <ClInclude Include="Map.h">
      <Filter>Header Files\Level</Filter>
    </ClInclude>
    <ClInclude Include="Room.h">
      <Filter>Header Files\Level</Filter>
    </ClInclude>
    <ClInclude Include="RandomValue.h">
      <Filter>Header Files\Tools</Filter>
    </ClInclude>
    <ClInclude Include="Enemy.h">
      <Filter>Header Files\Entity</Filter>
    </ClInclude>
    <ClInclude Include="ReadTextFile.h">
      <Filter>Header Files\Tools</Filter>
    </ClInclude>
    <ClInclude Include="Potion.h">
      <Filter>Header Files\Entity\Item</Filter>
    </ClInclude>
  </ItemGroup>
  <ItemGroup>
    <ClCompile Include="stdafx.cpp">
      <Filter>Source Files</Filter>
    </ClCompile>
    <ClCompile Include="RoguesMasterOfDisguise.cpp">
      <Filter>Source Files</Filter>
    </ClCompile>
    <ClCompile Include="ChoiceState.cpp">
      <Filter>Source Files\GameState</Filter>
    </ClCompile>
    <ClCompile Include="CombatState.cpp">
      <Filter>Source Files\GameState</Filter>
    </ClCompile>
    <ClCompile Include="Controller.cpp">
      <Filter>Source Files\Controller</Filter>
    </ClCompile>
    <ClCompile Include="Item.cpp">
      <Filter>Source Files\Entity\Item</Filter>
    </ClCompile>
    <ClCompile Include="GameLoop.cpp">
      <Filter>Source Files\Controller</Filter>
    </ClCompile>
    <ClCompile Include="GameState.cpp">
      <Filter>Source Files\GameState</Filter>
    </ClCompile>
    <ClCompile Include="Hero.cpp">
      <Filter>Source Files\Entity</Filter>
    </ClCompile>
    <ClCompile Include="InitiateState.cpp">
      <Filter>Source Files\GameState</Filter>
    </ClCompile>
    <ClCompile Include="LevelManager.cpp">
      <Filter>Source Files\Level</Filter>
    </ClCompile>
    <ClCompile Include="Map.cpp">
      <Filter>Source Files\Level</Filter>
    </ClCompile>
    <ClCompile Include="Room.cpp">
      <Filter>Source Files\Level</Filter>
    </ClCompile>
    <ClCompile Include="RandomValue.cpp">
      <Filter>Source Files\Tools</Filter>
    </ClCompile>
    <ClCompile Include="Enemy.cpp">
      <Filter>Source Files\Entity</Filter>
    </ClCompile>
    <ClCompile Include="ReadTextFile.cpp">
      <Filter>Source Files\Tools</Filter>
    </ClCompile>
    <ClCompile Include="Potion.cpp">
      <Filter>Source Files\Entity\Item</Filter>
    </ClCompile>
  </ItemGroup>
</Project>